
Microsoft Visual Studio Solution File, Format Version 11.00
# Visual Studio 2010
Project("{FAE04EC0-301F-11D3-BF4B-00C04F79EFBC}") = "PlayTests", "PlayTests.csproj", "{B4AD1FEC-710E-112C-3BC4-2290A416FB45}"
EndProject
Project("{FAE04EC0-301F-11D3-BF4B-00C04F79EFBC}") = "MyGameAssembly", "MyGameAssembly.csproj", "{6895DA17-A4D9-47D3-3EB4-5DD199751DFD}"
EndProject
Project("{FAE04EC0-301F-11D3-BF4B-00C04F79EFBC}") = "EditorTests", "EditorTests.csproj", "{798DDA20-1213-72C1-F593-D6333F8A0C2A}"
EndProject
Global
	GlobalSection(SolutionConfigurationPlatforms) = preSolution
		Debug|Any CPU = Debug|Any CPU
		Release|Any CPU = Release|Any CPU
	EndGlobalSection
	GlobalSection(ProjectConfigurationPlatforms) = postSolution
		{B4AD1FEC-710E-112C-3BC4-2290A416FB45}.Debug|Any CPU.ActiveCfg = Debug|Any CPU
		{B4AD1FEC-710E-112C-3BC4-2290A416FB45}.Debug|Any CPU.Build.0 = Debug|Any CPU
		{B4AD1FEC-710E-112C-3BC4-2290A416FB45}.Release|Any CPU.ActiveCfg = Release|Any CPU
		{B4AD1FEC-710E-112C-3BC4-2290A416FB45}.Release|Any CPU.Build.0 = Release|Any CPU
		{6895DA17-A4D9-47D3-3EB4-5DD199751DFD}.Debug|Any CPU.ActiveCfg = Debug|Any CPU
		{6895DA17-A4D9-47D3-3EB4-5DD199751DFD}.Debug|Any CPU.Build.0 = Debug|Any CPU
		{6895DA17-A4D9-47D3-3EB4-5DD199751DFD}.Release|Any CPU.ActiveCfg = Release|Any CPU
		{6895DA17-A4D9-47D3-3EB4-5DD199751DFD}.Release|Any CPU.Build.0 = Release|Any CPU
		{798DDA20-1213-72C1-F593-D6333F8A0C2A}.Debug|Any CPU.ActiveCfg = Debug|Any CPU
		{798DDA20-1213-72C1-F593-D6333F8A0C2A}.Debug|Any CPU.Build.0 = Debug|Any CPU
		{798DDA20-1213-72C1-F593-D6333F8A0C2A}.Release|Any CPU.ActiveCfg = Release|Any CPU
		{798DDA20-1213-72C1-F593-D6333F8A0C2A}.Release|Any CPU.Build.0 = Release|Any CPU
	EndGlobalSection
	GlobalSection(SolutionProperties) = preSolution
		HideSolutionNode = FALSE
	EndGlobalSection
EndGlobal
